
Microsoft Visual Studio Solution File, Format Version 12.00
# Visual Studio Version 16
VisualStudioVersion = 16.0.29709.97
MinimumVisualStudioVersion = 10.0.40219.1
Project("{FAE04EC0-301F-11D3-BF4B-00C04F79EFBC}") = "Contacts", "Contacts\Contacts.csproj", "{B160F4F7-80A9-4F8F-A171-BF898F87B562}"
EndProject
Global
	GlobalSection(SolutionConfigurationPlatforms) = preSolution
		Debug|Any CPU = Debug|Any CPU
		Release|Any CPU = Release|Any CPU
	EndGlobalSection
	GlobalSection(ProjectConfigurationPlatforms) = postSolution
		{B160F4F7-80A9-4F8F-A171-BF898F87B562}.Debug|Any CPU.ActiveCfg = Debug|Any CPU
		{B160F4F7-80A9-4F8F-A171-BF898F87B562}.Debug|Any CPU.Build.0 = Debug|Any CPU
		{B160F4F7-80A9-4F8F-A171-BF898F87B562}.Release|Any CPU.ActiveCfg = Release|Any CPU
		{B160F4F7-80A9-4F8F-A171-BF898F87B562}.Release|Any CPU.Build.0 = Release|Any CPU
	EndGlobalSection
	GlobalSection(SolutionProperties) = preSolution
		HideSolutionNode = FALSE
	EndGlobalSection
	GlobalSection(ExtensibilityGlobals) = postSolution
		SolutionGuid = {977A0C16-30FF-4075-ABB5-AC960D537DDE}
	EndGlobalSection
EndGlobal
